
Microsoft Visual Studio Solution File, Format Version 12.00
# Visual Studio Version 17
VisualStudioVersion = 17.10.35122.118
MinimumVisualStudioVersion = 10.0.40219.1
Project("{9A19103F-16F7-4668-BE54-9A1E7A4F7556}") = "Calc.Cs", "Calc.cs\Calc.Cs.csproj", "{BA52A4ED-E816-48F1-8683-DF58B79F7CA2}"
EndProject
Project("{6EC3EE1D-3C4E-46DD-8F32-0CC8E7565705}") = "Calc.Fs", "Calc.Fs\Calc.Fs.fsproj", "{3E1F624C-E62F-42B8-83B8-AD6A21F16696}"
EndProject
Project("{778DAE3C-4631-46EA-AA77-85C1314464D9}") = "Calc.Vb", "Calc.Vb\Calc.Vb.vbproj", "{35F8964E-8AFD-4866-A060-1CA366E2DE01}"
EndProject
Global
	GlobalSection(SolutionConfigurationPlatforms) = preSolution
		Debug|Any CPU = Debug|Any CPU
		Release|Any CPU = Release|Any CPU
	EndGlobalSection
	GlobalSection(ProjectConfigurationPlatforms) = postSolution
		{BA52A4ED-E816-48F1-8683-DF58B79F7CA2}.Debug|Any CPU.ActiveCfg = Debug|Any CPU
		{BA52A4ED-E816-48F1-8683-DF58B79F7CA2}.Debug|Any CPU.Build.0 = Debug|Any CPU
		{BA52A4ED-E816-48F1-8683-DF58B79F7CA2}.Release|Any CPU.ActiveCfg = Release|Any CPU
		{BA52A4ED-E816-48F1-8683-DF58B79F7CA2}.Release|Any CPU.Build.0 = Release|Any CPU
		{3E1F624C-E62F-42B8-83B8-AD6A21F16696}.Debug|Any CPU.ActiveCfg = Debug|Any CPU
		{3E1F624C-E62F-42B8-83B8-AD6A21F16696}.Debug|Any CPU.Build.0 = Debug|Any CPU
		{3E1F624C-E62F-42B8-83B8-AD6A21F16696}.Release|Any CPU.ActiveCfg = Release|Any CPU
		{3E1F624C-E62F-42B8-83B8-AD6A21F16696}.Release|Any CPU.Build.0 = Release|Any CPU
		{35F8964E-8AFD-4866-A060-1CA366E2DE01}.Debug|Any CPU.ActiveCfg = Debug|Any CPU
		{35F8964E-8AFD-4866-A060-1CA366E2DE01}.Debug|Any CPU.Build.0 = Debug|Any CPU
		{35F8964E-8AFD-4866-A060-1CA366E2DE01}.Release|Any CPU.ActiveCfg = Release|Any CPU
		{35F8964E-8AFD-4866-A060-1CA366E2DE01}.Release|Any CPU.Build.0 = Release|Any CPU
	EndGlobalSection
	GlobalSection(SolutionProperties) = preSolution
		HideSolutionNode = FALSE
	EndGlobalSection
EndGlobal
